
Microsoft Visual Studio Solution File, Format Version 12.00
# Visual Studio 15
VisualStudioVersion = 15.0.27703.2035
MinimumVisualStudioVersion = 10.0.40219.1
Project("{FAE04EC0-301F-11D3-BF4B-00C04F79EFBC}") = "CSharpTagApi", "CSharpTagApi\CSharpTagApi.csproj", "{47B8E986-619E-4991-A1D8-97115DFDAA42}"
EndProject
Project("{FAE04EC0-301F-11D3-BF4B-00C04F79EFBC}") = "CSharpTagApiTests", "CSharpTagApiTests\CSharpTagApiTests.csproj", "{1A09D4E2-387A-4C98-B673-C2DD8C5CDD2E}"
EndProject
Global
	GlobalSection(SolutionConfigurationPlatforms) = preSolution
		Debug|Any CPU = Debug|Any CPU
		Release|Any CPU = Release|Any CPU
	EndGlobalSection
	GlobalSection(ProjectConfigurationPlatforms) = postSolution
		{47B8E986-619E-4991-A1D8-97115DFDAA42}.Debug|Any CPU.ActiveCfg = Debug|Any CPU
		{47B8E986-619E-4991-A1D8-97115DFDAA42}.Debug|Any CPU.Build.0 = Debug|Any CPU
		{47B8E986-619E-4991-A1D8-97115DFDAA42}.Release|Any CPU.ActiveCfg = Release|Any CPU
		{47B8E986-619E-4991-A1D8-97115DFDAA42}.Release|Any CPU.Build.0 = Release|Any CPU
		{1A09D4E2-387A-4C98-B673-C2DD8C5CDD2E}.Debug|Any CPU.ActiveCfg = Debug|Any CPU
		{1A09D4E2-387A-4C98-B673-C2DD8C5CDD2E}.Debug|Any CPU.Build.0 = Debug|Any CPU
		{1A09D4E2-387A-4C98-B673-C2DD8C5CDD2E}.Release|Any CPU.ActiveCfg = Release|Any CPU
		{1A09D4E2-387A-4C98-B673-C2DD8C5CDD2E}.Release|Any CPU.Build.0 = Release|Any CPU
	EndGlobalSection
	GlobalSection(SolutionProperties) = preSolution
		HideSolutionNode = FALSE
	EndGlobalSection
	GlobalSection(ExtensibilityGlobals) = postSolution
		SolutionGuid = {447E5166-C6FE-4B28-A80D-D4935014945A}
	EndGlobalSection
EndGlobal
